
Microsoft Visual Studio Solution File, Format Version 12.00
# Visual Studio Version 16
VisualStudioVersion = 16.0.30611.23
MinimumVisualStudioVersion = 10.0.40219.1
Project("{2150E333-8FDC-42A3-9474-1A3956D46DE8}") = "02_Models", "02_Models", "{209DF667-9A11-456F-8F99-B9F009E47C22}"
EndProject
Project("{2150E333-8FDC-42A3-9474-1A3956D46DE8}") = "04_Api", "04_Api", "{8987A6DC-8A6F-4EC6-862D-8F2FBFDD08E8}"
EndProject
Project("{2150E333-8FDC-42A3-9474-1A3956D46DE8}") = "03_Console", "03_Console", "{802BF896-2A5E-4752-AE4B-2134AA33E0A9}"
EndProject
Project("{2150E333-8FDC-42A3-9474-1A3956D46DE8}") = "UI", "UI", "{541D36D2-C00C-4C3C-92C6-CE25AC4019E8}"
EndProject
Project("{2150E333-8FDC-42A3-9474-1A3956D46DE8}") = "05_Web", "05_Web", "{E388F552-1FD8-4666-94AF-B14671E98E49}"
EndProject
Project("{2150E333-8FDC-42A3-9474-1A3956D46DE8}") = "01_Database", "01_Database", "{18366C45-11E6-4D85-90BB-365A15F6295B}"
EndProject
Project("{00D1A9C2-B5F0-4AF3-8072-F6C62B433612}") = "ExoTaskWebApi.Database", "ExoTaskWebApi.Database\ExoTaskWebApi.Database.sqlproj", "{D43AB268-144A-484A-9BB6-864255FDF997}"
EndProject
Project("{9A19103F-16F7-4668-BE54-9A1E7A4F7556}") = "ExoTaskWebApi.Models.Entities", "ExoTaskWebApi.Models.Entities\ExoTaskWebApi.Models.Entities.csproj", "{95FED0F3-B782-4B83-82DD-F3699FEC0E5F}"
EndProject
Project("{9A19103F-16F7-4668-BE54-9A1E7A4F7556}") = "ExoTaskWebApi.Models.Interfaces", "ExoTaskWebApi.Models.Interfaces\ExoTaskWebApi.Models.Interfaces.csproj", "{43895AA9-1FDC-495C-A7DB-7E86C4FD04B7}"
EndProject
Project("{9A19103F-16F7-4668-BE54-9A1E7A4F7556}") = "ExoTaskWebApi.Models.Repositories", "ExoTaskWebApi.Models.Repositories\ExoTaskWebApi.Models.Repositories.csproj", "{3C5A63BB-DE0E-46D2-A378-3FA0C089BF78}"
EndProject
Project("{2150E333-8FDC-42A3-9474-1A3956D46DE8}") = "Tools", "Tools", "{36E317C8-F840-49BE-B9B7-03FC41AA7710}"
EndProject
Project("{9A19103F-16F7-4668-BE54-9A1E7A4F7556}") = "Tools.Connection", "Tools.Connection\Tools.Connection.csproj", "{007A386B-460B-40F5-B34D-C77C7CD1D233}"
EndProject
Project("{9A19103F-16F7-4668-BE54-9A1E7A4F7556}") = "TestRepository", "TestRepository\TestRepository.csproj", "{2B51595B-C0E8-4922-BAB1-3DF1AE763FCD}"
EndProject
Project("{FAE04EC0-301F-11D3-BF4B-00C04F79EFBC}") = "ExoTaskWebApi.Api", "ExoTaskWebApi.Api\ExoTaskWebApi.Api.csproj", "{08BAED9D-3E2E-4125-8C6D-12CA39834758}"
EndProject
Global
	GlobalSection(SolutionConfigurationPlatforms) = preSolution
		Debug|Any CPU = Debug|Any CPU
		Release|Any CPU = Release|Any CPU
	EndGlobalSection
	GlobalSection(ProjectConfigurationPlatforms) = postSolution
		{D43AB268-144A-484A-9BB6-864255FDF997}.Debug|Any CPU.ActiveCfg = Debug|Any CPU
		{D43AB268-144A-484A-9BB6-864255FDF997}.Debug|Any CPU.Build.0 = Debug|Any CPU
		{D43AB268-144A-484A-9BB6-864255FDF997}.Debug|Any CPU.Deploy.0 = Debug|Any CPU
		{D43AB268-144A-484A-9BB6-864255FDF997}.Release|Any CPU.ActiveCfg = Release|Any CPU
		{D43AB268-144A-484A-9BB6-864255FDF997}.Release|Any CPU.Build.0 = Release|Any CPU
		{D43AB268-144A-484A-9BB6-864255FDF997}.Release|Any CPU.Deploy.0 = Release|Any CPU
		{95FED0F3-B782-4B83-82DD-F3699FEC0E5F}.Debug|Any CPU.ActiveCfg = Debug|Any CPU
		{95FED0F3-B782-4B83-82DD-F3699FEC0E5F}.Debug|Any CPU.Build.0 = Debug|Any CPU
		{95FED0F3-B782-4B83-82DD-F3699FEC0E5F}.Release|Any CPU.ActiveCfg = Release|Any CPU
		{95FED0F3-B782-4B83-82DD-F3699FEC0E5F}.Release|Any CPU.Build.0 = Release|Any CPU
		{43895AA9-1FDC-495C-A7DB-7E86C4FD04B7}.Debug|Any CPU.ActiveCfg = Debug|Any CPU
		{43895AA9-1FDC-495C-A7DB-7E86C4FD04B7}.Debug|Any CPU.Build.0 = Debug|Any CPU
		{43895AA9-1FDC-495C-A7DB-7E86C4FD04B7}.Release|Any CPU.ActiveCfg = Release|Any CPU
		{43895AA9-1FDC-495C-A7DB-7E86C4FD04B7}.Release|Any CPU.Build.0 = Release|Any CPU
		{3C5A63BB-DE0E-46D2-A378-3FA0C089BF78}.Debug|Any CPU.ActiveCfg = Debug|Any CPU
		{3C5A63BB-DE0E-46D2-A378-3FA0C089BF78}.Debug|Any CPU.Build.0 = Debug|Any CPU
		{3C5A63BB-DE0E-46D2-A378-3FA0C089BF78}.Release|Any CPU.ActiveCfg = Release|Any CPU
		{3C5A63BB-DE0E-46D2-A378-3FA0C089BF78}.Release|Any CPU.Build.0 = Release|Any CPU
		{007A386B-460B-40F5-B34D-C77C7CD1D233}.Debug|Any CPU.ActiveCfg = Debug|Any CPU
		{007A386B-460B-40F5-B34D-C77C7CD1D233}.Debug|Any CPU.Build.0 = Debug|Any CPU
		{007A386B-460B-40F5-B34D-C77C7CD1D233}.Release|Any CPU.ActiveCfg = Release|Any CPU
		{007A386B-460B-40F5-B34D-C77C7CD1D233}.Release|Any CPU.Build.0 = Release|Any CPU
		{2B51595B-C0E8-4922-BAB1-3DF1AE763FCD}.Debug|Any CPU.ActiveCfg = Debug|Any CPU
		{2B51595B-C0E8-4922-BAB1-3DF1AE763FCD}.Debug|Any CPU.Build.0 = Debug|Any CPU
		{2B51595B-C0E8-4922-BAB1-3DF1AE763FCD}.Release|Any CPU.ActiveCfg = Release|Any CPU
		{2B51595B-C0E8-4922-BAB1-3DF1AE763FCD}.Release|Any CPU.Build.0 = Release|Any CPU
		{08BAED9D-3E2E-4125-8C6D-12CA39834758}.Debug|Any CPU.ActiveCfg = Debug|Any CPU
		{08BAED9D-3E2E-4125-8C6D-12CA39834758}.Debug|Any CPU.Build.0 = Debug|Any CPU
		{08BAED9D-3E2E-4125-8C6D-12CA39834758}.Release|Any CPU.ActiveCfg = Release|Any CPU
		{08BAED9D-3E2E-4125-8C6D-12CA39834758}.Release|Any CPU.Build.0 = Release|Any CPU
	EndGlobalSection
	GlobalSection(SolutionProperties) = preSolution
		HideSolutionNode = FALSE
	EndGlobalSection
	GlobalSection(NestedProjects) = preSolution
		{802BF896-2A5E-4752-AE4B-2134AA33E0A9} = {541D36D2-C00C-4C3C-92C6-CE25AC4019E8}
		{E388F552-1FD8-4666-94AF-B14671E98E49} = {541D36D2-C00C-4C3C-92C6-CE25AC4019E8}
		{D43AB268-144A-484A-9BB6-864255FDF997} = {18366C45-11E6-4D85-90BB-365A15F6295B}
		{95FED0F3-B782-4B83-82DD-F3699FEC0E5F} = {209DF667-9A11-456F-8F99-B9F009E47C22}
		{43895AA9-1FDC-495C-A7DB-7E86C4FD04B7} = {209DF667-9A11-456F-8F99-B9F009E47C22}
		{3C5A63BB-DE0E-46D2-A378-3FA0C089BF78} = {209DF667-9A11-456F-8F99-B9F009E47C22}
		{007A386B-460B-40F5-B34D-C77C7CD1D233} = {36E317C8-F840-49BE-B9B7-03FC41AA7710}
		{2B51595B-C0E8-4922-BAB1-3DF1AE763FCD} = {802BF896-2A5E-4752-AE4B-2134AA33E0A9}
		{08BAED9D-3E2E-4125-8C6D-12CA39834758} = {8987A6DC-8A6F-4EC6-862D-8F2FBFDD08E8}
	EndGlobalSection
	GlobalSection(ExtensibilityGlobals) = postSolution
		SolutionGuid = {7A37CBB4-86FF-4141-A9AF-D0902B623CC6}
	EndGlobalSection
EndGlobal
